
Microsoft Visual Studio Solution File, Format Version 12.00
# Visual Studio 2013
VisualStudioVersion = 12.0.40629.0
MinimumVisualStudioVersion = 10.0.40219.1
Project("{8BC9CEB8-8B4A-11D0-8D11-00A0C91BC942}") = "Client (Episodic)", "game\client\client_episodic.vcxproj", "{353A799F-E73F-7A69-07AD-B2AD57F3B775}"
	ProjectSection(ProjectDependencies) = postProject
		{BAB92FF0-D72A-D7E5-1988-74628D39B94F} = {BAB92FF0-D72A-D7E5-1988-74628D39B94F}
		{95D67225-8415-236F-9128-DCB171B7DEC6} = {95D67225-8415-236F-9128-DCB171B7DEC6}
		{EC1C516D-E1D9-BC0A-F79D-E91E954ED8EC} = {EC1C516D-E1D9-BC0A-F79D-E91E954ED8EC}
		{F69B3672-C5E8-CD1A-257F-253A25B5B939} = {F69B3672-C5E8-CD1A-257F-253A25B5B939}
		{AA93A75A-4110-C28B-CC6A-914379C90659} = {AA93A75A-4110-C28B-CC6A-914379C90659}
	EndProjectSection
EndProject
Project("{8BC9CEB8-8B4A-11D0-8D11-00A0C91BC942}") = "GamepadUI (HL2)", "game\gamepadui\gamepadui_hl2.vcxproj", "{CC969C44-F93C-5894-8232-5A17F8250D0F}"
	ProjectSection(ProjectDependencies) = postProject
		{BAB92FF0-D72A-D7E5-1988-74628D39B94F} = {BAB92FF0-D72A-D7E5-1988-74628D39B94F}
		{EC1C516D-E1D9-BC0A-F79D-E91E954ED8EC} = {EC1C516D-E1D9-BC0A-F79D-E91E954ED8EC}
		{F69B3672-C5E8-CD1A-257F-253A25B5B939} = {F69B3672-C5E8-CD1A-257F-253A25B5B939}
	EndProjectSection
EndProject
Project("{8BC9CEB8-8B4A-11D0-8D11-00A0C91BC942}") = "GamepadUI (Episodic)", "game\gamepadui\gamepadui_episodic.vcxproj", "{29434531-F20C-5D19-446B-077CABDEA18B}"
	ProjectSection(ProjectDependencies) = postProject
		{BAB92FF0-D72A-D7E5-1988-74628D39B94F} = {BAB92FF0-D72A-D7E5-1988-74628D39B94F}
		{EC1C516D-E1D9-BC0A-F79D-E91E954ED8EC} = {EC1C516D-E1D9-BC0A-F79D-E91E954ED8EC}
		{F69B3672-C5E8-CD1A-257F-253A25B5B939} = {F69B3672-C5E8-CD1A-257F-253A25B5B939}
	EndProjectSection
EndProject
Project("{8BC9CEB8-8B4A-11D0-8D11-00A0C91BC942}") = "mathlib", "mathlib\mathlib.vcxproj", "{BAB92FF0-D72A-D7E5-1988-74628D39B94F}"
EndProject
Project("{8BC9CEB8-8B4A-11D0-8D11-00A0C91BC942}") = "Raytrace", "raytrace\raytrace.vcxproj", "{95D67225-8415-236F-9128-DCB171B7DEC6}"
EndProject
Project("{8BC9CEB8-8B4A-11D0-8D11-00A0C91BC942}") = "Server (Episodic)", "game\server\server_episodic.vcxproj", "{7855B476-B6D4-535D-F7A9-D623245F8B07}"
	ProjectSection(ProjectDependencies) = postProject
		{BAB92FF0-D72A-D7E5-1988-74628D39B94F} = {BAB92FF0-D72A-D7E5-1988-74628D39B94F}
		{EC1C516D-E1D9-BC0A-F79D-E91E954ED8EC} = {EC1C516D-E1D9-BC0A-F79D-E91E954ED8EC}
		{AA93A75A-4110-C28B-CC6A-914379C90659} = {AA93A75A-4110-C28B-CC6A-914379C90659}
		{E3AA5C48-0E8B-D6DC-78F0-98A9167BD297} = {E3AA5C48-0E8B-D6DC-78F0-98A9167BD297}
	EndProjectSection
EndProject
Project("{8BC9CEB8-8B4A-11D0-8D11-00A0C91BC942}") = "tier1", "tier1\tier1.vcxproj", "{EC1C516D-E1D9-BC0A-F79D-E91E954ED8EC}"
EndProject
Project("{8BC9CEB8-8B4A-11D0-8D11-00A0C91BC942}") = "vgui_controls", "vgui2\vgui_controls\vgui_controls.vcxproj", "{F69B3672-C5E8-CD1A-257F-253A25B5B939}"
EndProject
Project("{8BC9CEB8-8B4A-11D0-8D11-00A0C91BC942}") = "VScript", "vscript\vscript.vcxproj", "{AA93A75A-4110-C28B-CC6A-914379C90659}"
EndProject
Project("{8BC9CEB8-8B4A-11D0-8D11-00A0C91BC942}") = "responserules_runtime", "responserules\runtime\responserules.vcxproj", "{E3AA5C48-0E8B-D6DC-78F0-98A9167BD297}"
EndProject
Project("{8BC9CEB8-8B4A-11D0-8D11-00A0C91BC942}") = "appframework", "appframework\appframework.vcxproj", "{03BD822F-165F-485B-4447-EC8C827C9611}"
EndProject
Project("{8BC9CEB8-8B4A-11D0-8D11-00A0C91BC942}") = "launcher", "launcher\launcher.vcxproj", "{F3E08B51-1935-8A8F-58F1-7A678759F60C}"
	ProjectSection(ProjectDependencies) = postProject
		{EC1C516D-E1D9-BC0A-F79D-E91E954ED8EC} = {EC1C516D-E1D9-BC0A-F79D-E91E954ED8EC}
		{03BD822F-165F-485B-4447-EC8C827C9611} = {03BD822F-165F-485B-4447-EC8C827C9611}
	EndProjectSection
EndProject
Project("{8BC9CEB8-8B4A-11D0-8D11-00A0C91BC942}") = "launcher_main", "launcher_main\launcher_main.vcxproj", "{94C3CD6C-42CA-D1DB-FAEA-DFE238E21C49}"
EndProject
Project("{8BC9CEB8-8B4A-11D0-8D11-00A0C91BC942}") = "SourceVR", "sourcevr\sourcevr.vcxproj", "{FD5DC8CA-D14D-DEB0-10BE-EE78DF34494E}"
	ProjectSection(ProjectDependencies) = postProject
		{BAB92FF0-D72A-D7E5-1988-74628D39B94F} = {BAB92FF0-D72A-D7E5-1988-74628D39B94F}
		{EC1C516D-E1D9-BC0A-F79D-E91E954ED8EC} = {EC1C516D-E1D9-BC0A-F79D-E91E954ED8EC}
		{03BD822F-165F-485B-4447-EC8C827C9611} = {03BD822F-165F-485B-4447-EC8C827C9611}
	EndProjectSection
EndProject
Project("{8BC9CEB8-8B4A-11D0-8D11-00A0C91BC942}") = "SoundEmitterSystem", "soundemittersystem\soundemittersystem.vcxproj", "{15B0D4F5-A084-DCD4-630F-6F47A0757049}"
	ProjectSection(ProjectDependencies) = postProject
		{EC1C516D-E1D9-BC0A-F79D-E91E954ED8EC} = {EC1C516D-E1D9-BC0A-F79D-E91E954ED8EC}
	EndProjectSection
EndProject
Project("{8BC9CEB8-8B4A-11D0-8D11-00A0C91BC942}") = "Movieobjects", "movieobjects\movieobjects.vcxproj", "{CAD9ADB1-E885-7A8F-80AF-5542266390F0}"
EndProject
Project("{8BC9CEB8-8B4A-11D0-8D11-00A0C91BC942}") = "mdllib", "mdllib\mdllib.vcxproj", "{8A3263F5-87D6-07C8-624D-B6812731A4C1}"
	ProjectSection(ProjectDependencies) = postProject
		{EC1C516D-E1D9-BC0A-F79D-E91E954ED8EC} = {EC1C516D-E1D9-BC0A-F79D-E91E954ED8EC}
	EndProjectSection
EndProject
Project("{8BC9CEB8-8B4A-11D0-8D11-00A0C91BC942}") = "mdlobjects", "mdlobjects\mdlobjects.vcxproj", "{C3CE5691-7D7A-37DA-4B88-0C6F15549AE5}"
EndProject
Project("{8BC9CEB8-8B4A-11D0-8D11-00A0C91BC942}") = "sfmobjects", "sfmobjects\sfmobjects.vcxproj", "{2AD3815E-CB8C-B36B-02B6-86F7BAFE3375}"
EndProject
Project("{8BC9CEB8-8B4A-11D0-8D11-00A0C91BC942}") = "SDKLauncher", "sdklauncher\sdklauncher.vcxproj", "{3EE577F0-C55B-E3FF-54CC-2A694DB49BA4}"
	ProjectSection(ProjectDependencies) = postProject
		{BAB92FF0-D72A-D7E5-1988-74628D39B94F} = {BAB92FF0-D72A-D7E5-1988-74628D39B94F}
		{EC1C516D-E1D9-BC0A-F79D-E91E954ED8EC} = {EC1C516D-E1D9-BC0A-F79D-E91E954ED8EC}
		{F69B3672-C5E8-CD1A-257F-253A25B5B939} = {F69B3672-C5E8-CD1A-257F-253A25B5B939}
		{03BD822F-165F-485B-4447-EC8C827C9611} = {03BD822F-165F-485B-4447-EC8C827C9611}
	EndProjectSection
EndProject
Project("{8BC9CEB8-8B4A-11D0-8D11-00A0C91BC942}") = "Shaders (Episodic)", "materialsystem\stdshaders\game_shader_dx9_episodic.vcxproj", "{73F37A6E-6BFF-33FB-E47D-67E8212A7C6D}"
	ProjectSection(ProjectDependencies) = postProject
		{BAB92FF0-D72A-D7E5-1988-74628D39B94F} = {BAB92FF0-D72A-D7E5-1988-74628D39B94F}
		{EC1C516D-E1D9-BC0A-F79D-E91E954ED8EC} = {EC1C516D-E1D9-BC0A-F79D-E91E954ED8EC}
	EndProjectSection
EndProject
Global
	GlobalSection(SolutionConfigurationPlatforms) = preSolution
		Debug|Win32 = Debug|Win32
		Release|Win32 = Release|Win32
	EndGlobalSection
	GlobalSection(ProjectConfigurationPlatforms) = postSolution
		{353A799F-E73F-7A69-07AD-B2AD57F3B775}.Debug|Win32.ActiveCfg = Debug|Win32
		{353A799F-E73F-7A69-07AD-B2AD57F3B775}.Debug|Win32.Build.0 = Debug|Win32
		{353A799F-E73F-7A69-07AD-B2AD57F3B775}.Release|Win32.ActiveCfg = Release|Win32
		{353A799F-E73F-7A69-07AD-B2AD57F3B775}.Release|Win32.Build.0 = Release|Win32
		{CC969C44-F93C-5894-8232-5A17F8250D0F}.Debug|Win32.ActiveCfg = Debug|Win32
		{CC969C44-F93C-5894-8232-5A17F8250D0F}.Debug|Win32.Build.0 = Debug|Win32
		{CC969C44-F93C-5894-8232-5A17F8250D0F}.Release|Win32.ActiveCfg = Release|Win32
		{CC969C44-F93C-5894-8232-5A17F8250D0F}.Release|Win32.Build.0 = Release|Win32
		{29434531-F20C-5D19-446B-077CABDEA18B}.Debug|Win32.ActiveCfg = Debug|Win32
		{29434531-F20C-5D19-446B-077CABDEA18B}.Debug|Win32.Build.0 = Debug|Win32
		{29434531-F20C-5D19-446B-077CABDEA18B}.Release|Win32.ActiveCfg = Release|Win32
		{29434531-F20C-5D19-446B-077CABDEA18B}.Release|Win32.Build.0 = Release|Win32
		{BAB92FF0-D72A-D7E5-1988-74628D39B94F}.Debug|Win32.ActiveCfg = Debug|Win32
		{BAB92FF0-D72A-D7E5-1988-74628D39B94F}.Debug|Win32.Build.0 = Debug|Win32
		{BAB92FF0-D72A-D7E5-1988-74628D39B94F}.Release|Win32.ActiveCfg = Release|Win32
		{BAB92FF0-D72A-D7E5-1988-74628D39B94F}.Release|Win32.Build.0 = Release|Win32
		{95D67225-8415-236F-9128-DCB171B7DEC6}.Debug|Win32.ActiveCfg = Debug|Win32
		{95D67225-8415-236F-9128-DCB171B7DEC6}.Debug|Win32.Build.0 = Debug|Win32
		{95D67225-8415-236F-9128-DCB171B7DEC6}.Release|Win32.ActiveCfg = Release|Win32
		{95D67225-8415-236F-9128-DCB171B7DEC6}.Release|Win32.Build.0 = Release|Win32
		{7855B476-B6D4-535D-F7A9-D623245F8B07}.Debug|Win32.ActiveCfg = Debug|Win32
		{7855B476-B6D4-535D-F7A9-D623245F8B07}.Debug|Win32.Build.0 = Debug|Win32
		{7855B476-B6D4-535D-F7A9-D623245F8B07}.Release|Win32.ActiveCfg = Release|Win32
		{7855B476-B6D4-535D-F7A9-D623245F8B07}.Release|Win32.Build.0 = Release|Win32
		{EC1C516D-E1D9-BC0A-F79D-E91E954ED8EC}.Debug|Win32.ActiveCfg = Debug|Win32
		{EC1C516D-E1D9-BC0A-F79D-E91E954ED8EC}.Debug|Win32.Build.0 = Debug|Win32
		{EC1C516D-E1D9-BC0A-F79D-E91E954ED8EC}.Release|Win32.ActiveCfg = Release|Win32
		{EC1C516D-E1D9-BC0A-F79D-E91E954ED8EC}.Release|Win32.Build.0 = Release|Win32
		{F69B3672-C5E8-CD1A-257F-253A25B5B939}.Debug|Win32.ActiveCfg = Debug|Win32
		{F69B3672-C5E8-CD1A-257F-253A25B5B939}.Debug|Win32.Build.0 = Debug|Win32
		{F69B3672-C5E8-CD1A-257F-253A25B5B939}.Release|Win32.ActiveCfg = Release|Win32
		{F69B3672-C5E8-CD1A-257F-253A25B5B939}.Release|Win32.Build.0 = Release|Win32
		{AA93A75A-4110-C28B-CC6A-914379C90659}.Debug|Win32.ActiveCfg = Debug|Win32
		{AA93A75A-4110-C28B-CC6A-914379C90659}.Debug|Win32.Build.0 = Debug|Win32
		{AA93A75A-4110-C28B-CC6A-914379C90659}.Release|Win32.ActiveCfg = Release|Win32
		{AA93A75A-4110-C28B-CC6A-914379C90659}.Release|Win32.Build.0 = Release|Win32
		{E3AA5C48-0E8B-D6DC-78F0-98A9167BD297}.Debug|Win32.ActiveCfg = Debug|Win32
		{E3AA5C48-0E8B-D6DC-78F0-98A9167BD297}.Debug|Win32.Build.0 = Debug|Win32
		{E3AA5C48-0E8B-D6DC-78F0-98A9167BD297}.Release|Win32.ActiveCfg = Release|Win32
		{E3AA5C48-0E8B-D6DC-78F0-98A9167BD297}.Release|Win32.Build.0 = Release|Win32
		{03BD822F-165F-485B-4447-EC8C827C9611}.Debug|Win32.ActiveCfg = Debug|Win32
		{03BD822F-165F-485B-4447-EC8C827C9611}.Debug|Win32.Build.0 = Debug|Win32
		{03BD822F-165F-485B-4447-EC8C827C9611}.Release|Win32.ActiveCfg = Release|Win32
		{03BD822F-165F-485B-4447-EC8C827C9611}.Release|Win32.Build.0 = Release|Win32
		{F3E08B51-1935-8A8F-58F1-7A678759F60C}.Debug|Win32.ActiveCfg = Debug|Win32
		{F3E08B51-1935-8A8F-58F1-7A678759F60C}.Debug|Win32.Build.0 = Debug|Win32
		{F3E08B51-1935-8A8F-58F1-7A678759F60C}.Release|Win32.ActiveCfg = Release|Win32
		{F3E08B51-1935-8A8F-58F1-7A678759F60C}.Release|Win32.Build.0 = Release|Win32
		{94C3CD6C-42CA-D1DB-FAEA-DFE238E21C49}.Debug|Win32.ActiveCfg = Debug|Win32
		{94C3CD6C-42CA-D1DB-FAEA-DFE238E21C49}.Debug|Win32.Build.0 = Debug|Win32
		{94C3CD6C-42CA-D1DB-FAEA-DFE238E21C49}.Release|Win32.ActiveCfg = Release|Win32
		{94C3CD6C-42CA-D1DB-FAEA-DFE238E21C49}.Release|Win32.Build.0 = Release|Win32
		{FD5DC8CA-D14D-DEB0-10BE-EE78DF34494E}.Debug|Win32.ActiveCfg = Debug|Win32
		{FD5DC8CA-D14D-DEB0-10BE-EE78DF34494E}.Debug|Win32.Build.0 = Debug|Win32
		{FD5DC8CA-D14D-DEB0-10BE-EE78DF34494E}.Release|Win32.ActiveCfg = Release|Win32
		{FD5DC8CA-D14D-DEB0-10BE-EE78DF34494E}.Release|Win32.Build.0 = Release|Win32
		{15B0D4F5-A084-DCD4-630F-6F47A0757049}.Debug|Win32.ActiveCfg = Debug|Win32
		{15B0D4F5-A084-DCD4-630F-6F47A0757049}.Debug|Win32.Build.0 = Debug|Win32
		{15B0D4F5-A084-DCD4-630F-6F47A0757049}.Release|Win32.ActiveCfg = Release|Win32
		{15B0D4F5-A084-DCD4-630F-6F47A0757049}.Release|Win32.Build.0 = Release|Win32
		{CAD9ADB1-E885-7A8F-80AF-5542266390F0}.Debug|Win32.ActiveCfg = Debug|Win32
		{CAD9ADB1-E885-7A8F-80AF-5542266390F0}.Debug|Win32.Build.0 = Debug|Win32
		{CAD9ADB1-E885-7A8F-80AF-5542266390F0}.Release|Win32.ActiveCfg = Release|Win32
		{CAD9ADB1-E885-7A8F-80AF-5542266390F0}.Release|Win32.Build.0 = Release|Win32
		{8A3263F5-87D6-07C8-624D-B6812731A4C1}.Debug|Win32.ActiveCfg = Debug|Win32
		{8A3263F5-87D6-07C8-624D-B6812731A4C1}.Debug|Win32.Build.0 = Debug|Win32
		{8A3263F5-87D6-07C8-624D-B6812731A4C1}.Release|Win32.ActiveCfg = Release|Win32
		{8A3263F5-87D6-07C8-624D-B6812731A4C1}.Release|Win32.Build.0 = Release|Win32
		{C3CE5691-7D7A-37DA-4B88-0C6F15549AE5}.Debug|Win32.ActiveCfg = Debug|Win32
		{C3CE5691-7D7A-37DA-4B88-0C6F15549AE5}.Debug|Win32.Build.0 = Debug|Win32
		{C3CE5691-7D7A-37DA-4B88-0C6F15549AE5}.Release|Win32.ActiveCfg = Release|Win32
		{C3CE5691-7D7A-37DA-4B88-0C6F15549AE5}.Release|Win32.Build.0 = Release|Win32
		{2AD3815E-CB8C-B36B-02B6-86F7BAFE3375}.Debug|Win32.ActiveCfg = Debug|Win32
		{2AD3815E-CB8C-B36B-02B6-86F7BAFE3375}.Debug|Win32.Build.0 = Debug|Win32
		{2AD3815E-CB8C-B36B-02B6-86F7BAFE3375}.Release|Win32.ActiveCfg = Release|Win32
		{2AD3815E-CB8C-B36B-02B6-86F7BAFE3375}.Release|Win32.Build.0 = Release|Win32
		{3EE577F0-C55B-E3FF-54CC-2A694DB49BA4}.Debug|Win32.ActiveCfg = Debug|Win32
		{3EE577F0-C55B-E3FF-54CC-2A694DB49BA4}.Debug|Win32.Build.0 = Debug|Win32
		{3EE577F0-C55B-E3FF-54CC-2A694DB49BA4}.Release|Win32.ActiveCfg = Release|Win32
		{3EE577F0-C55B-E3FF-54CC-2A694DB49BA4}.Release|Win32.Build.0 = Release|Win32
		{73F37A6E-6BFF-33FB-E47D-67E8212A7C6D}.Debug|Win32.ActiveCfg = Debug|Win32
		{73F37A6E-6BFF-33FB-E47D-67E8212A7C6D}.Debug|Win32.Build.0 = Debug|Win32
		{73F37A6E-6BFF-33FB-E47D-67E8212A7C6D}.Release|Win32.ActiveCfg = Release|Win32
		{73F37A6E-6BFF-33FB-E47D-67E8212A7C6D}.Release|Win32.Build.0 = Release|Win32
	EndGlobalSection
	GlobalSection(SolutionProperties) = preSolution
		HideSolutionNode = FALSE
	EndGlobalSection
EndGlobal
